
Microsoft Visual Studio Solution File, Format Version 12.00
# Visual Studio Version 16
VisualStudioVersion = 16.0.31729.503
MinimumVisualStudioVersion = 10.0.40219.1
Project("{FAE04EC0-301F-11D3-BF4B-00C04F79EFBC}") = "Reversi", "Reversi\Reversi.csproj", "{DC7A76C0-CC96-4C49-A08F-F93CDF24D963}"
EndProject
Global
	GlobalSection(SolutionConfigurationPlatforms) = preSolution
		Debug|Any CPU = Debug|Any CPU
		Release|Any CPU = Release|Any CPU
	EndGlobalSection
	GlobalSection(ProjectConfigurationPlatforms) = postSolution
		{DC7A76C0-CC96-4C49-A08F-F93CDF24D963}.Debug|Any CPU.ActiveCfg = Debug|Any CPU
		{DC7A76C0-CC96-4C49-A08F-F93CDF24D963}.Debug|Any CPU.Build.0 = Debug|Any CPU
		{DC7A76C0-CC96-4C49-A08F-F93CDF24D963}.Release|Any CPU.ActiveCfg = Release|Any CPU
		{DC7A76C0-CC96-4C49-A08F-F93CDF24D963}.Release|Any CPU.Build.0 = Release|Any CPU
	EndGlobalSection
	GlobalSection(SolutionProperties) = preSolution
		HideSolutionNode = FALSE
	EndGlobalSection
	GlobalSection(ExtensibilityGlobals) = postSolution
		SolutionGuid = {213B94F6-C6B6-4B78-A2CD-F9BA979D7B7B}
	EndGlobalSection
EndGlobal
